
Microsoft Visual Studio Solution File, Format Version 12.00
Project("{FAE04EC0-301F-11D3-BF4B-00C04F79EFBC}") = "ToDoList.Api", "ToDoList.Api\ToDoList.Api.csproj", "{BF77A487-AAD5-4CFF-961F-550ABFAA0817}"
EndProject
Project("{2150E333-8FDC-42A3-9474-1A3956D46DE8}") = "src", "src", "{29945748-31FA-4AA7-B6DE-1F2C2ABCB81F}"
EndProject
Project("{2150E333-8FDC-42A3-9474-1A3956D46DE8}") = "tests", "tests", "{53DF10A1-848E-468C-822B-059D563E0742}"
EndProject
Project("{FAE04EC0-301F-11D3-BF4B-00C04F79EFBC}") = "ToDoList.Domain", "ToDoList.Domain\ToDoList.Domain.csproj", "{156A5B81-ED12-4F0A-B699-FD3B9037E98A}"
EndProject
Project("{FAE04EC0-301F-11D3-BF4B-00C04F79EFBC}") = "ToDoList.Application", "ToDoList.Application\ToDoList.Application.csproj", "{60E09EF2-FFC5-4383-BF21-7DDB1B6DEC75}"
EndProject
Project("{FAE04EC0-301F-11D3-BF4B-00C04F79EFBC}") = "ToDoList.Infrastructure", "ToDoList.Infrastructure\ToDoList.Infrastructure.csproj", "{FFBCE39D-F761-447B-B058-B3C88D0427D2}"
EndProject
Project("{FAE04EC0-301F-11D3-BF4B-00C04F79EFBC}") = "ToDoList.Application.Tests", "ToDoList.Application.Tests\ToDoList.Application.Tests.csproj", "{B29A264C-B59A-4DC2-A9CE-1487C7549A94}"
EndProject
Global
	GlobalSection(SolutionConfigurationPlatforms) = preSolution
		Debug|Any CPU = Debug|Any CPU
		Release|Any CPU = Release|Any CPU
	EndGlobalSection
	GlobalSection(ProjectConfigurationPlatforms) = postSolution
		{BF77A487-AAD5-4CFF-961F-550ABFAA0817}.Debug|Any CPU.ActiveCfg = Debug|Any CPU
		{BF77A487-AAD5-4CFF-961F-550ABFAA0817}.Debug|Any CPU.Build.0 = Debug|Any CPU
		{BF77A487-AAD5-4CFF-961F-550ABFAA0817}.Release|Any CPU.ActiveCfg = Release|Any CPU
		{BF77A487-AAD5-4CFF-961F-550ABFAA0817}.Release|Any CPU.Build.0 = Release|Any CPU
		{156A5B81-ED12-4F0A-B699-FD3B9037E98A}.Debug|Any CPU.ActiveCfg = Debug|Any CPU
		{156A5B81-ED12-4F0A-B699-FD3B9037E98A}.Debug|Any CPU.Build.0 = Debug|Any CPU
		{156A5B81-ED12-4F0A-B699-FD3B9037E98A}.Release|Any CPU.ActiveCfg = Release|Any CPU
		{156A5B81-ED12-4F0A-B699-FD3B9037E98A}.Release|Any CPU.Build.0 = Release|Any CPU
		{60E09EF2-FFC5-4383-BF21-7DDB1B6DEC75}.Debug|Any CPU.ActiveCfg = Debug|Any CPU
		{60E09EF2-FFC5-4383-BF21-7DDB1B6DEC75}.Debug|Any CPU.Build.0 = Debug|Any CPU
		{60E09EF2-FFC5-4383-BF21-7DDB1B6DEC75}.Release|Any CPU.ActiveCfg = Release|Any CPU
		{60E09EF2-FFC5-4383-BF21-7DDB1B6DEC75}.Release|Any CPU.Build.0 = Release|Any CPU
		{FFBCE39D-F761-447B-B058-B3C88D0427D2}.Debug|Any CPU.ActiveCfg = Debug|Any CPU
		{FFBCE39D-F761-447B-B058-B3C88D0427D2}.Debug|Any CPU.Build.0 = Debug|Any CPU
		{FFBCE39D-F761-447B-B058-B3C88D0427D2}.Release|Any CPU.ActiveCfg = Release|Any CPU
		{FFBCE39D-F761-447B-B058-B3C88D0427D2}.Release|Any CPU.Build.0 = Release|Any CPU
		{B29A264C-B59A-4DC2-A9CE-1487C7549A94}.Debug|Any CPU.ActiveCfg = Debug|Any CPU
		{B29A264C-B59A-4DC2-A9CE-1487C7549A94}.Debug|Any CPU.Build.0 = Debug|Any CPU
		{B29A264C-B59A-4DC2-A9CE-1487C7549A94}.Release|Any CPU.ActiveCfg = Release|Any CPU
		{B29A264C-B59A-4DC2-A9CE-1487C7549A94}.Release|Any CPU.Build.0 = Release|Any CPU
	EndGlobalSection
	GlobalSection(NestedProjects) = preSolution
		{BF77A487-AAD5-4CFF-961F-550ABFAA0817} = {29945748-31FA-4AA7-B6DE-1F2C2ABCB81F}
		{156A5B81-ED12-4F0A-B699-FD3B9037E98A} = {29945748-31FA-4AA7-B6DE-1F2C2ABCB81F}
		{60E09EF2-FFC5-4383-BF21-7DDB1B6DEC75} = {29945748-31FA-4AA7-B6DE-1F2C2ABCB81F}
		{FFBCE39D-F761-447B-B058-B3C88D0427D2} = {29945748-31FA-4AA7-B6DE-1F2C2ABCB81F}
		{B29A264C-B59A-4DC2-A9CE-1487C7549A94} = {53DF10A1-848E-468C-822B-059D563E0742}
	EndGlobalSection
EndGlobal
