
Microsoft Visual Studio Solution File, Format Version 12.00
Project("{2150E333-8FDC-42A3-9474-1A3956D46DE8}") = "src", "src", "{29945748-31FA-4AA7-B6DE-1F2C2ABCB81F}"
EndProject
Project("{2150E333-8FDC-42A3-9474-1A3956D46DE8}") = "tests", "tests", "{53DF10A1-848E-468C-822B-059D563E0742}"
EndProject
Project("{FAE04EC0-301F-11D3-BF4B-00C04F79EFBC}") = "ToDoList.Api", "src\ToDoList.Api\ToDoList.Api.csproj", "{8EF70E6A-5AF7-44B0-95A9-832E1C4D4713}"
EndProject
Project("{FAE04EC0-301F-11D3-BF4B-00C04F79EFBC}") = "ToDoList.Application", "src\ToDoList.Application\ToDoList.Application.csproj", "{96D3615D-595F-4501-B061-CF4C92470472}"
EndProject
Project("{FAE04EC0-301F-11D3-BF4B-00C04F79EFBC}") = "ToDoList.Domain", "src\ToDoList.Domain\ToDoList.Domain.csproj", "{23884225-F9B4-420D-8A3F-B5E61345D04C}"
EndProject
Project("{FAE04EC0-301F-11D3-BF4B-00C04F79EFBC}") = "ToDoList.Infrastructure", "src\ToDoList.Infrastructure\ToDoList.Infrastructure.csproj", "{46D766D7-7A79-4D89-87B9-37851C1A7C9C}"
EndProject
Project("{FAE04EC0-301F-11D3-BF4B-00C04F79EFBC}") = "ToDoList.Application.Tests", "tests\ToDoList.Application.Tests\ToDoList.Application.Tests.csproj", "{FABC4713-581D-4778-9176-A2442A31DE3F}"
EndProject
Global
	GlobalSection(SolutionConfigurationPlatforms) = preSolution
		Debug|Any CPU = Debug|Any CPU
		Release|Any CPU = Release|Any CPU
	EndGlobalSection
	GlobalSection(ProjectConfigurationPlatforms) = postSolution
		{8EF70E6A-5AF7-44B0-95A9-832E1C4D4713}.Debug|Any CPU.ActiveCfg = Debug|Any CPU
		{8EF70E6A-5AF7-44B0-95A9-832E1C4D4713}.Debug|Any CPU.Build.0 = Debug|Any CPU
		{8EF70E6A-5AF7-44B0-95A9-832E1C4D4713}.Release|Any CPU.ActiveCfg = Release|Any CPU
		{8EF70E6A-5AF7-44B0-95A9-832E1C4D4713}.Release|Any CPU.Build.0 = Release|Any CPU
		{96D3615D-595F-4501-B061-CF4C92470472}.Debug|Any CPU.ActiveCfg = Debug|Any CPU
		{96D3615D-595F-4501-B061-CF4C92470472}.Debug|Any CPU.Build.0 = Debug|Any CPU
		{96D3615D-595F-4501-B061-CF4C92470472}.Release|Any CPU.ActiveCfg = Release|Any CPU
		{96D3615D-595F-4501-B061-CF4C92470472}.Release|Any CPU.Build.0 = Release|Any CPU
		{23884225-F9B4-420D-8A3F-B5E61345D04C}.Debug|Any CPU.ActiveCfg = Debug|Any CPU
		{23884225-F9B4-420D-8A3F-B5E61345D04C}.Debug|Any CPU.Build.0 = Debug|Any CPU
		{23884225-F9B4-420D-8A3F-B5E61345D04C}.Release|Any CPU.ActiveCfg = Release|Any CPU
		{23884225-F9B4-420D-8A3F-B5E61345D04C}.Release|Any CPU.Build.0 = Release|Any CPU
		{46D766D7-7A79-4D89-87B9-37851C1A7C9C}.Debug|Any CPU.ActiveCfg = Debug|Any CPU
		{46D766D7-7A79-4D89-87B9-37851C1A7C9C}.Debug|Any CPU.Build.0 = Debug|Any CPU
		{46D766D7-7A79-4D89-87B9-37851C1A7C9C}.Release|Any CPU.ActiveCfg = Release|Any CPU
		{46D766D7-7A79-4D89-87B9-37851C1A7C9C}.Release|Any CPU.Build.0 = Release|Any CPU
		{FABC4713-581D-4778-9176-A2442A31DE3F}.Debug|Any CPU.ActiveCfg = Debug|Any CPU
		{FABC4713-581D-4778-9176-A2442A31DE3F}.Debug|Any CPU.Build.0 = Debug|Any CPU
		{FABC4713-581D-4778-9176-A2442A31DE3F}.Release|Any CPU.ActiveCfg = Release|Any CPU
		{FABC4713-581D-4778-9176-A2442A31DE3F}.Release|Any CPU.Build.0 = Release|Any CPU
	EndGlobalSection
	GlobalSection(NestedProjects) = preSolution
		{8EF70E6A-5AF7-44B0-95A9-832E1C4D4713} = {29945748-31FA-4AA7-B6DE-1F2C2ABCB81F}
		{96D3615D-595F-4501-B061-CF4C92470472} = {29945748-31FA-4AA7-B6DE-1F2C2ABCB81F}
		{23884225-F9B4-420D-8A3F-B5E61345D04C} = {29945748-31FA-4AA7-B6DE-1F2C2ABCB81F}
		{46D766D7-7A79-4D89-87B9-37851C1A7C9C} = {29945748-31FA-4AA7-B6DE-1F2C2ABCB81F}
		{FABC4713-581D-4778-9176-A2442A31DE3F} = {53DF10A1-848E-468C-822B-059D563E0742}
	EndGlobalSection
EndGlobal
